
Microsoft Visual Studio Solution File, Format Version 12.00
# Visual Studio 15
VisualStudioVersion = 15.0.27130.2027
MinimumVisualStudioVersion = 10.0.40219.1
Project("{FAE04EC0-301F-11D3-BF4B-00C04F79EFBC}") = "Ratatoskr", "Ratatoskr\Ratatoskr.csproj", "{929AD9D4-2453-4B65-8BA1-FCAF17B32B30}"
	ProjectSection(ProjectDependencies) = postProject
		{2E179679-0A07-4F2E-AAA6-7C2DAD913DCB} = {2E179679-0A07-4F2E-AAA6-7C2DAD913DCB}
		{1432F3F6-7E7D-41EA-9EBD-7A861B7A1379} = {1432F3F6-7E7D-41EA-9EBD-7A861B7A1379}
	EndProjectSection
EndProject
Project("{9A19103F-16F7-4668-BE54-9A1E7A4F7556}") = "RtsCore.Protocol", "RtsCore.Protocol\RtsCore.Protocol.csproj", "{2E179679-0A07-4F2E-AAA6-7C2DAD913DCB}"
EndProject
Project("{9A19103F-16F7-4668-BE54-9A1E7A4F7556}") = "RtsCore", "RtsCore\RtsCore.csproj", "{1432F3F6-7E7D-41EA-9EBD-7A861B7A1379}"
EndProject
Project("{FAE04EC0-301F-11D3-BF4B-00C04F79EFBC}") = "RtsCore.Framework", "RtsCore.Framework\RtsCore.Framework.csproj", "{772DB229-7D06-44AE-9CEB-FF65907AB10C}"
EndProject
Global
	GlobalSection(SolutionConfigurationPlatforms) = preSolution
		Debug|Any CPU = Debug|Any CPU
		Debug|x64 = Debug|x64
		Debug|x86 = Debug|x86
		Release|Any CPU = Release|Any CPU
		Release|x64 = Release|x64
		Release|x86 = Release|x86
	EndGlobalSection
	GlobalSection(ProjectConfigurationPlatforms) = postSolution
		{929AD9D4-2453-4B65-8BA1-FCAF17B32B30}.Debug|Any CPU.ActiveCfg = Debug|Any CPU
		{929AD9D4-2453-4B65-8BA1-FCAF17B32B30}.Debug|Any CPU.Build.0 = Debug|Any CPU
		{929AD9D4-2453-4B65-8BA1-FCAF17B32B30}.Debug|x64.ActiveCfg = Debug|Any CPU
		{929AD9D4-2453-4B65-8BA1-FCAF17B32B30}.Debug|x64.Build.0 = Debug|Any CPU
		{929AD9D4-2453-4B65-8BA1-FCAF17B32B30}.Debug|x86.ActiveCfg = Debug|Any CPU
		{929AD9D4-2453-4B65-8BA1-FCAF17B32B30}.Debug|x86.Build.0 = Debug|Any CPU
		{929AD9D4-2453-4B65-8BA1-FCAF17B32B30}.Release|Any CPU.ActiveCfg = Release|Any CPU
		{929AD9D4-2453-4B65-8BA1-FCAF17B32B30}.Release|Any CPU.Build.0 = Release|Any CPU
		{929AD9D4-2453-4B65-8BA1-FCAF17B32B30}.Release|x64.ActiveCfg = Release|Any CPU
		{929AD9D4-2453-4B65-8BA1-FCAF17B32B30}.Release|x64.Build.0 = Release|Any CPU
		{929AD9D4-2453-4B65-8BA1-FCAF17B32B30}.Release|x86.ActiveCfg = Release|Any CPU
		{929AD9D4-2453-4B65-8BA1-FCAF17B32B30}.Release|x86.Build.0 = Release|Any CPU
		{2E179679-0A07-4F2E-AAA6-7C2DAD913DCB}.Debug|Any CPU.ActiveCfg = Debug|Any CPU
		{2E179679-0A07-4F2E-AAA6-7C2DAD913DCB}.Debug|Any CPU.Build.0 = Debug|Any CPU
		{2E179679-0A07-4F2E-AAA6-7C2DAD913DCB}.Debug|x64.ActiveCfg = Debug|Any CPU
		{2E179679-0A07-4F2E-AAA6-7C2DAD913DCB}.Debug|x64.Build.0 = Debug|Any CPU
		{2E179679-0A07-4F2E-AAA6-7C2DAD913DCB}.Debug|x86.ActiveCfg = Debug|Any CPU
		{2E179679-0A07-4F2E-AAA6-7C2DAD913DCB}.Debug|x86.Build.0 = Debug|Any CPU
		{2E179679-0A07-4F2E-AAA6-7C2DAD913DCB}.Release|Any CPU.ActiveCfg = Release|Any CPU
		{2E179679-0A07-4F2E-AAA6-7C2DAD913DCB}.Release|Any CPU.Build.0 = Release|Any CPU
		{2E179679-0A07-4F2E-AAA6-7C2DAD913DCB}.Release|x64.ActiveCfg = Release|Any CPU
		{2E179679-0A07-4F2E-AAA6-7C2DAD913DCB}.Release|x64.Build.0 = Release|Any CPU
		{2E179679-0A07-4F2E-AAA6-7C2DAD913DCB}.Release|x86.ActiveCfg = Release|Any CPU
		{2E179679-0A07-4F2E-AAA6-7C2DAD913DCB}.Release|x86.Build.0 = Release|Any CPU
		{1432F3F6-7E7D-41EA-9EBD-7A861B7A1379}.Debug|Any CPU.ActiveCfg = Debug|Any CPU
		{1432F3F6-7E7D-41EA-9EBD-7A861B7A1379}.Debug|Any CPU.Build.0 = Debug|Any CPU
		{1432F3F6-7E7D-41EA-9EBD-7A861B7A1379}.Debug|x64.ActiveCfg = Debug|Any CPU
		{1432F3F6-7E7D-41EA-9EBD-7A861B7A1379}.Debug|x64.Build.0 = Debug|Any CPU
		{1432F3F6-7E7D-41EA-9EBD-7A861B7A1379}.Debug|x86.ActiveCfg = Debug|Any CPU
		{1432F3F6-7E7D-41EA-9EBD-7A861B7A1379}.Debug|x86.Build.0 = Debug|Any CPU
		{1432F3F6-7E7D-41EA-9EBD-7A861B7A1379}.Release|Any CPU.ActiveCfg = Release|Any CPU
		{1432F3F6-7E7D-41EA-9EBD-7A861B7A1379}.Release|Any CPU.Build.0 = Release|Any CPU
		{1432F3F6-7E7D-41EA-9EBD-7A861B7A1379}.Release|x64.ActiveCfg = Release|Any CPU
		{1432F3F6-7E7D-41EA-9EBD-7A861B7A1379}.Release|x64.Build.0 = Release|Any CPU
		{1432F3F6-7E7D-41EA-9EBD-7A861B7A1379}.Release|x86.ActiveCfg = Release|Any CPU
		{1432F3F6-7E7D-41EA-9EBD-7A861B7A1379}.Release|x86.Build.0 = Release|Any CPU
		{772DB229-7D06-44AE-9CEB-FF65907AB10C}.Debug|Any CPU.ActiveCfg = Debug|Any CPU
		{772DB229-7D06-44AE-9CEB-FF65907AB10C}.Debug|Any CPU.Build.0 = Debug|Any CPU
		{772DB229-7D06-44AE-9CEB-FF65907AB10C}.Debug|x64.ActiveCfg = Debug|Any CPU
		{772DB229-7D06-44AE-9CEB-FF65907AB10C}.Debug|x64.Build.0 = Debug|Any CPU
		{772DB229-7D06-44AE-9CEB-FF65907AB10C}.Debug|x86.ActiveCfg = Debug|Any CPU
		{772DB229-7D06-44AE-9CEB-FF65907AB10C}.Debug|x86.Build.0 = Debug|Any CPU
		{772DB229-7D06-44AE-9CEB-FF65907AB10C}.Release|Any CPU.ActiveCfg = Release|Any CPU
		{772DB229-7D06-44AE-9CEB-FF65907AB10C}.Release|Any CPU.Build.0 = Release|Any CPU
		{772DB229-7D06-44AE-9CEB-FF65907AB10C}.Release|x64.ActiveCfg = Release|Any CPU
		{772DB229-7D06-44AE-9CEB-FF65907AB10C}.Release|x64.Build.0 = Release|Any CPU
		{772DB229-7D06-44AE-9CEB-FF65907AB10C}.Release|x86.ActiveCfg = Release|Any CPU
		{772DB229-7D06-44AE-9CEB-FF65907AB10C}.Release|x86.Build.0 = Release|Any CPU
	EndGlobalSection
	GlobalSection(SolutionProperties) = preSolution
		HideSolutionNode = FALSE
	EndGlobalSection
	GlobalSection(ExtensibilityGlobals) = postSolution
		SolutionGuid = {04CF3C2B-9B02-4CB3-9986-2B1FEA1DB2CB}
	EndGlobalSection
EndGlobal
