
Microsoft Visual Studio Solution File, Format Version 12.00
# Visual Studio Version 17
VisualStudioVersion = 17.1.32210.238
MinimumVisualStudioVersion = 10.0.40219.1
Project("{FAE04EC0-301F-11D3-BF4B-00C04F79EFBC}") = "Ratatoskr", "Ratatoskr\Ratatoskr.csproj", "{929AD9D4-2453-4B65-8BA1-FCAF17B32B30}"
EndProject
Project("{FAE04EC0-301F-11D3-BF4B-00C04F79EFBC}") = "Ratatoskr.Forms", "Ratatoskr.Forms\Ratatoskr.Forms.csproj", "{AF0CF934-19CC-4600-8F2C-201991FC837B}"
EndProject
Project("{FAE04EC0-301F-11D3-BF4B-00C04F79EFBC}") = "Ratatoskr.General", "Ratatoskr.General\Ratatoskr.General.csproj", "{57C31BAF-7383-4975-849F-A4E14F4ECD3B}"
EndProject
Project("{FAE04EC0-301F-11D3-BF4B-00C04F79EFBC}") = "Ratatoskr.Resource", "Ratatoskr.Resource\Ratatoskr.Resource.csproj", "{C0ACF7AE-53CA-4E7B-B2A4-3DF99D529D4D}"
EndProject
Project("{FAE04EC0-301F-11D3-BF4B-00C04F79EFBC}") = "Ratatoskr.Native", "Ratatoskr.Native\Ratatoskr.Native.csproj", "{E6298F4F-AADF-4015-8BC5-DAC08FEBA611}"
EndProject
Project("{FAE04EC0-301F-11D3-BF4B-00C04F79EFBC}") = "Ratatoskr.Debugger", "Ratatoskr.Debugger\Ratatoskr.Debugger.csproj", "{6638E858-B298-4100-AC92-BFC4922ED164}"
EndProject
Global
	GlobalSection(SolutionConfigurationPlatforms) = preSolution
		Debug|Any CPU = Debug|Any CPU
		Debug|x64 = Debug|x64
		Debug|x86 = Debug|x86
		Release|Any CPU = Release|Any CPU
		Release|x64 = Release|x64
		Release|x86 = Release|x86
	EndGlobalSection
	GlobalSection(ProjectConfigurationPlatforms) = postSolution
		{929AD9D4-2453-4B65-8BA1-FCAF17B32B30}.Debug|Any CPU.ActiveCfg = Debug|Any CPU
		{929AD9D4-2453-4B65-8BA1-FCAF17B32B30}.Debug|Any CPU.Build.0 = Debug|Any CPU
		{929AD9D4-2453-4B65-8BA1-FCAF17B32B30}.Debug|x64.ActiveCfg = Debug|Any CPU
		{929AD9D4-2453-4B65-8BA1-FCAF17B32B30}.Debug|x64.Build.0 = Debug|Any CPU
		{929AD9D4-2453-4B65-8BA1-FCAF17B32B30}.Debug|x86.ActiveCfg = Debug|Any CPU
		{929AD9D4-2453-4B65-8BA1-FCAF17B32B30}.Debug|x86.Build.0 = Debug|Any CPU
		{929AD9D4-2453-4B65-8BA1-FCAF17B32B30}.Release|Any CPU.ActiveCfg = Release|Any CPU
		{929AD9D4-2453-4B65-8BA1-FCAF17B32B30}.Release|Any CPU.Build.0 = Release|Any CPU
		{929AD9D4-2453-4B65-8BA1-FCAF17B32B30}.Release|x64.ActiveCfg = Release|Any CPU
		{929AD9D4-2453-4B65-8BA1-FCAF17B32B30}.Release|x64.Build.0 = Release|Any CPU
		{929AD9D4-2453-4B65-8BA1-FCAF17B32B30}.Release|x86.ActiveCfg = Release|Any CPU
		{929AD9D4-2453-4B65-8BA1-FCAF17B32B30}.Release|x86.Build.0 = Release|Any CPU
		{AF0CF934-19CC-4600-8F2C-201991FC837B}.Debug|Any CPU.ActiveCfg = Debug|Any CPU
		{AF0CF934-19CC-4600-8F2C-201991FC837B}.Debug|Any CPU.Build.0 = Debug|Any CPU
		{AF0CF934-19CC-4600-8F2C-201991FC837B}.Debug|x64.ActiveCfg = Debug|Any CPU
		{AF0CF934-19CC-4600-8F2C-201991FC837B}.Debug|x64.Build.0 = Debug|Any CPU
		{AF0CF934-19CC-4600-8F2C-201991FC837B}.Debug|x86.ActiveCfg = Debug|Any CPU
		{AF0CF934-19CC-4600-8F2C-201991FC837B}.Debug|x86.Build.0 = Debug|Any CPU
		{AF0CF934-19CC-4600-8F2C-201991FC837B}.Release|Any CPU.ActiveCfg = Release|Any CPU
		{AF0CF934-19CC-4600-8F2C-201991FC837B}.Release|Any CPU.Build.0 = Release|Any CPU
		{AF0CF934-19CC-4600-8F2C-201991FC837B}.Release|x64.ActiveCfg = Release|Any CPU
		{AF0CF934-19CC-4600-8F2C-201991FC837B}.Release|x64.Build.0 = Release|Any CPU
		{AF0CF934-19CC-4600-8F2C-201991FC837B}.Release|x86.ActiveCfg = Release|Any CPU
		{AF0CF934-19CC-4600-8F2C-201991FC837B}.Release|x86.Build.0 = Release|Any CPU
		{57C31BAF-7383-4975-849F-A4E14F4ECD3B}.Debug|Any CPU.ActiveCfg = Debug|Any CPU
		{57C31BAF-7383-4975-849F-A4E14F4ECD3B}.Debug|Any CPU.Build.0 = Debug|Any CPU
		{57C31BAF-7383-4975-849F-A4E14F4ECD3B}.Debug|x64.ActiveCfg = Debug|Any CPU
		{57C31BAF-7383-4975-849F-A4E14F4ECD3B}.Debug|x64.Build.0 = Debug|Any CPU
		{57C31BAF-7383-4975-849F-A4E14F4ECD3B}.Debug|x86.ActiveCfg = Debug|Any CPU
		{57C31BAF-7383-4975-849F-A4E14F4ECD3B}.Debug|x86.Build.0 = Debug|Any CPU
		{57C31BAF-7383-4975-849F-A4E14F4ECD3B}.Release|Any CPU.ActiveCfg = Release|Any CPU
		{57C31BAF-7383-4975-849F-A4E14F4ECD3B}.Release|Any CPU.Build.0 = Release|Any CPU
		{57C31BAF-7383-4975-849F-A4E14F4ECD3B}.Release|x64.ActiveCfg = Release|Any CPU
		{57C31BAF-7383-4975-849F-A4E14F4ECD3B}.Release|x64.Build.0 = Release|Any CPU
		{57C31BAF-7383-4975-849F-A4E14F4ECD3B}.Release|x86.ActiveCfg = Release|Any CPU
		{57C31BAF-7383-4975-849F-A4E14F4ECD3B}.Release|x86.Build.0 = Release|Any CPU
		{C0ACF7AE-53CA-4E7B-B2A4-3DF99D529D4D}.Debug|Any CPU.ActiveCfg = Debug|Any CPU
		{C0ACF7AE-53CA-4E7B-B2A4-3DF99D529D4D}.Debug|Any CPU.Build.0 = Debug|Any CPU
		{C0ACF7AE-53CA-4E7B-B2A4-3DF99D529D4D}.Debug|x64.ActiveCfg = Debug|Any CPU
		{C0ACF7AE-53CA-4E7B-B2A4-3DF99D529D4D}.Debug|x64.Build.0 = Debug|Any CPU
		{C0ACF7AE-53CA-4E7B-B2A4-3DF99D529D4D}.Debug|x86.ActiveCfg = Debug|Any CPU
		{C0ACF7AE-53CA-4E7B-B2A4-3DF99D529D4D}.Debug|x86.Build.0 = Debug|Any CPU
		{C0ACF7AE-53CA-4E7B-B2A4-3DF99D529D4D}.Release|Any CPU.ActiveCfg = Release|Any CPU
		{C0ACF7AE-53CA-4E7B-B2A4-3DF99D529D4D}.Release|Any CPU.Build.0 = Release|Any CPU
		{C0ACF7AE-53CA-4E7B-B2A4-3DF99D529D4D}.Release|x64.ActiveCfg = Release|Any CPU
		{C0ACF7AE-53CA-4E7B-B2A4-3DF99D529D4D}.Release|x64.Build.0 = Release|Any CPU
		{C0ACF7AE-53CA-4E7B-B2A4-3DF99D529D4D}.Release|x86.ActiveCfg = Release|Any CPU
		{C0ACF7AE-53CA-4E7B-B2A4-3DF99D529D4D}.Release|x86.Build.0 = Release|Any CPU
		{E6298F4F-AADF-4015-8BC5-DAC08FEBA611}.Debug|Any CPU.ActiveCfg = Debug|Any CPU
		{E6298F4F-AADF-4015-8BC5-DAC08FEBA611}.Debug|Any CPU.Build.0 = Debug|Any CPU
		{E6298F4F-AADF-4015-8BC5-DAC08FEBA611}.Debug|x64.ActiveCfg = Debug|Any CPU
		{E6298F4F-AADF-4015-8BC5-DAC08FEBA611}.Debug|x64.Build.0 = Debug|Any CPU
		{E6298F4F-AADF-4015-8BC5-DAC08FEBA611}.Debug|x86.ActiveCfg = Debug|Any CPU
		{E6298F4F-AADF-4015-8BC5-DAC08FEBA611}.Debug|x86.Build.0 = Debug|Any CPU
		{E6298F4F-AADF-4015-8BC5-DAC08FEBA611}.Release|Any CPU.ActiveCfg = Release|Any CPU
		{E6298F4F-AADF-4015-8BC5-DAC08FEBA611}.Release|Any CPU.Build.0 = Release|Any CPU
		{E6298F4F-AADF-4015-8BC5-DAC08FEBA611}.Release|x64.ActiveCfg = Release|Any CPU
		{E6298F4F-AADF-4015-8BC5-DAC08FEBA611}.Release|x64.Build.0 = Release|Any CPU
		{E6298F4F-AADF-4015-8BC5-DAC08FEBA611}.Release|x86.ActiveCfg = Release|Any CPU
		{E6298F4F-AADF-4015-8BC5-DAC08FEBA611}.Release|x86.Build.0 = Release|Any CPU
		{6638E858-B298-4100-AC92-BFC4922ED164}.Debug|Any CPU.ActiveCfg = Debug|Any CPU
		{6638E858-B298-4100-AC92-BFC4922ED164}.Debug|Any CPU.Build.0 = Debug|Any CPU
		{6638E858-B298-4100-AC92-BFC4922ED164}.Debug|x64.ActiveCfg = Debug|Any CPU
		{6638E858-B298-4100-AC92-BFC4922ED164}.Debug|x64.Build.0 = Debug|Any CPU
		{6638E858-B298-4100-AC92-BFC4922ED164}.Debug|x86.ActiveCfg = Debug|Any CPU
		{6638E858-B298-4100-AC92-BFC4922ED164}.Debug|x86.Build.0 = Debug|Any CPU
		{6638E858-B298-4100-AC92-BFC4922ED164}.Release|Any CPU.ActiveCfg = Release|Any CPU
		{6638E858-B298-4100-AC92-BFC4922ED164}.Release|Any CPU.Build.0 = Release|Any CPU
		{6638E858-B298-4100-AC92-BFC4922ED164}.Release|x64.ActiveCfg = Release|Any CPU
		{6638E858-B298-4100-AC92-BFC4922ED164}.Release|x64.Build.0 = Release|Any CPU
		{6638E858-B298-4100-AC92-BFC4922ED164}.Release|x86.ActiveCfg = Release|Any CPU
		{6638E858-B298-4100-AC92-BFC4922ED164}.Release|x86.Build.0 = Release|Any CPU
	EndGlobalSection
	GlobalSection(SolutionProperties) = preSolution
		HideSolutionNode = FALSE
	EndGlobalSection
	GlobalSection(ExtensibilityGlobals) = postSolution
		SolutionGuid = {04CF3C2B-9B02-4CB3-9986-2B1FEA1DB2CB}
	EndGlobalSection
EndGlobal
